// !$*UTF8*$!
{
	archiveVersion = 1;
	classes = {
	};
	objectVersion = 50;
	objects = {

/* Begin PBXBuildFile section */
		87462203214861C600C36565 /* AppDelegate.m in Sources */ = {isa = PBXBuildFile; fileRef = 87462202214861C600C36565 /* AppDelegate.m */; };
		87462209214861C600C36565 /* Main.storyboard in Resources */ = {isa = PBXBuildFile; fileRef = 87462207214861C600C36565 /* Main.storyboard */; };
		8746220B214861C700C36565 /* Assets.xcassets in Resources */ = {isa = PBXBuildFile; fileRef = 8746220A214861C700C36565 /* Assets.xcassets */; };
		8746220E214861C700C36565 /* LaunchScreen.storyboard in Resources */ = {isa = PBXBuildFile; fileRef = 8746220C214861C700C36565 /* LaunchScreen.storyboard */; };
		87462211214861C700C36565 /* main.m in Sources */ = {isa = PBXBuildFile; fileRef = 87462210214861C700C36565 /* main.m */; };
		8746221D214864C400C36565 /* JJTCard.m in Sources */ = {isa = PBXBuildFile; fileRef = 8746221C214864C400C36565 /* JJTCard.m */; };
		8746222021486C1000C36565 /* JJTCardController.m in Sources */ = {isa = PBXBuildFile; fileRef = 8746221F21486C1000C36565 /* JJTCardController.m */; };
		87462223214881C300C36565 /* CardViewController.m in Sources */ = {isa = PBXBuildFile; fileRef = 87462222214881C300C36565 /* CardViewController.m */; };
/* End PBXBuildFile section */

/* Begin PBXFileReference section */
		874621FE214861C600C36565 /* DeckOfOneCard_C.app */ = {isa = PBXFileReference; explicitFileType = wrapper.application; includeInIndex = 0; path = DeckOfOneCard_C.app; sourceTree = BUILT_PRODUCTS_DIR; };
		87462201214861C600C36565 /* AppDelegate.h */ = {isa = PBXFileReference; lastKnownFileType = sourcecode.c.h; path = AppDelegate.h; sourceTree = "<group>"; };
		87462202214861C600C36565 /* AppDelegate.m */ = {isa = PBXFileReference; lastKnownFileType = sourcecode.c.objc; path = AppDelegate.m; sourceTree = "<group>"; };
		87462208214861C600C36565 /* Base */ = {isa = PBXFileReference; lastKnownFileType = file.storyboard; name = Base; path = Base.lproj/Main.storyboard; sourceTree = "<group>"; };
		8746220A214861C700C36565 /* Assets.xcassets */ = {isa = PBXFileReference; lastKnownFileType = folder.assetcatalog; path = Assets.xcassets; sourceTree = "<group>"; };
		8746220D214861C700C36565 /* Base */ = {isa = PBXFileReference; lastKnownFileType = file.storyboard; name = Base; path = Base.lproj/LaunchScreen.storyboard; sourceTree = "<group>"; };
		8746220F214861C700C36565 /* Info.plist */ = {isa = PBXFileReference; lastKnownFileType = text.plist.xml; path = Info.plist; sourceTree = "<group>"; };
		87462210214861C700C36565 /* main.m */ = {isa = PBXFileReference; lastKnownFileType = sourcecode.c.objc; path = main.m; sourceTree = "<group>"; };
		8746221B214864C400C36565 /* JJTCard.h */ = {isa = PBXFileReference; lastKnownFileType = sourcecode.c.h; path = JJTCard.h; sourceTree = "<group>"; };
		8746221C214864C400C36565 /* JJTCard.m */ = {isa = PBXFileReference; lastKnownFileType = sourcecode.c.objc; path = JJTCard.m; sourceTree = "<group>"; };
		8746221E21486C1000C36565 /* JJTCardController.h */ = {isa = PBXFileReference; lastKnownFileType = sourcecode.c.h; path = JJTCardController.h; sourceTree = "<group>"; };
		8746221F21486C1000C36565 /* JJTCardController.m */ = {isa = PBXFileReference; lastKnownFileType = sourcecode.c.objc; path = JJTCardController.m; sourceTree = "<group>"; };
		87462221214881C300C36565 /* CardViewController.h */ = {isa = PBXFileReference; lastKnownFileType = sourcecode.c.h; path = CardViewController.h; sourceTree = "<group>"; };
		87462222214881C300C36565 /* CardViewController.m */ = {isa = PBXFileReference; lastKnownFileType = sourcecode.c.objc; path = CardViewController.m; sourceTree = "<group>"; };
/* End PBXFileReference section */

/* Begin PBXFrameworksBuildPhase section */
		874621FB214861C600C36565 /* Frameworks */ = {
			isa = PBXFrameworksBuildPhase;
			buildActionMask = 2147483647;
			files = (
			);
			runOnlyForDeploymentPostprocessing = 0;
		};
/* End PBXFrameworksBuildPhase section */

/* Begin PBXGroup section */
		874621F5214861C600C36565 = {
			isa = PBXGroup;
			children = (
				87462200214861C600C36565 /* DeckOfOneCard_C */,
				874621FF214861C600C36565 /* Products */,
			);
			sourceTree = "<group>";
		};
		874621FF214861C600C36565 /* Products */ = {
			isa = PBXGroup;
			children = (
				874621FE214861C600C36565 /* DeckOfOneCard_C.app */,
			);
			name = Products;
			sourceTree = "<group>";
		};
		87462200214861C600C36565 /* DeckOfOneCard_C */ = {
			isa = PBXGroup;
			children = (
				8746221A2148635900C36565 /* Model */,
				874622192148635400C36565 /* Model Controllers */,
				874622182148634C00C36565 /* View Controllers */,
				874622172148634400C36565 /* Resources */,
			);
			path = DeckOfOneCard_C;
			sourceTree = "<group>";
		};
		874622172148634400C36565 /* Resources */ = {
			isa = PBXGroup;
			children = (
				87462201214861C600C36565 /* AppDelegate.h */,
				87462202214861C600C36565 /* AppDelegate.m */,
				87462207214861C600C36565 /* Main.storyboard */,
				8746220A214861C700C36565 /* Assets.xcassets */,
				8746220C214861C700C36565 /* LaunchScreen.storyboard */,
				8746220F214861C700C36565 /* Info.plist */,
				87462210214861C700C36565 /* main.m */,
			);
			path = Resources;
			sourceTree = "<group>";
		};
		874622182148634C00C36565 /* View Controllers */ = {
			isa = PBXGroup;
			children = (
				87462221214881C300C36565 /* CardViewController.h */,
				87462222214881C300C36565 /* CardViewController.m */,
			);
			path = "View Controllers";
			sourceTree = "<group>";
		};
		874622192148635400C36565 /* Model Controllers */ = {
			isa = PBXGroup;
			children = (
				8746221E21486C1000C36565 /* JJTCardController.h */,
				8746221F21486C1000C36565 /* JJTCardController.m */,
			);
			path = "Model Controllers";
			sourceTree = "<group>";
		};
		8746221A2148635900C36565 /* Model */ = {
			isa = PBXGroup;
			children = (
				8746221B214864C400C36565 /* JJTCard.h */,
				8746221C214864C400C36565 /* JJTCard.m */,
			);
			path = Model;
			sourceTree = "<group>";
		};
/* End PBXGroup section */

/* Begin PBXNativeTarget section */
		874621FD214861C600C36565 /* DeckOfOneCard_C */ = {
			isa = PBXNativeTarget;
			buildConfigurationList = 87462214214861C700C36565 /* Build configuration list for PBXNativeTarget "DeckOfOneCard_C" */;
			buildPhases = (
				874621FA214861C600C36565 /* Sources */,
				874621FB214861C600C36565 /* Frameworks */,
				874621FC214861C600C36565 /* Resources */,
			);
			buildRules = (
			);
			dependencies = (
			);
			name = DeckOfOneCard_C;
			productName = DeckOfOneCard_C;
			productReference = 874621FE214861C600C36565 /* DeckOfOneCard_C.app */;
			productType = "com.apple.product-type.application";
		};
/* End PBXNativeTarget section */

/* Begin PBXProject section */
		874621F6214861C600C36565 /* Project object */ = {
			isa = PBXProject;
			attributes = {
				LastUpgradeCheck = 0940;
				ORGANIZATIONNAME = "John Tate";
				TargetAttributes = {
					874621FD214861C600C36565 = {
						CreatedOnToolsVersion = 9.4.1;
					};
				};
			};
			buildConfigurationList = 874621F9214861C600C36565 /* Build configuration list for PBXProject "DeckOfOneCard_C" */;
			compatibilityVersion = "Xcode 9.3";
			developmentRegion = en;
			hasScannedForEncodings = 0;
			knownRegions = (
				en,
				Base,
			);
			mainGroup = 874621F5214861C600C36565;
			productRefGroup = 874621FF214861C600C36565 /* Products */;
			projectDirPath = "";
			projectRoot = "";
			targets = (
				874621FD214861C600C36565 /* DeckOfOneCard_C */,
			);
		};
/* End PBXProject section */

/* Begin PBXResourcesBuildPhase section */
		874621FC214861C600C36565 /* Resources */ = {
			isa = PBXResourcesBuildPhase;
			buildActionMask = 2147483647;
			files = (
				8746220E214861C700C36565 /* LaunchScreen.storyboard in Resources */,
				8746220B214861C700C36565 /* Assets.xcassets in Resources */,
				87462209214861C600C36565 /* Main.storyboard in Resources */,
			);
			runOnlyForDeploymentPostprocessing = 0;
		};
/* End PBXResourcesBuildPhase section */

/* Begin PBXSourcesBuildPhase section */
		874621FA214861C600C36565 /* Sources */ = {
			isa = PBXSourcesBuildPhase;
			buildActionMask = 2147483647;
			files = (
				87462223214881C300C36565 /* CardViewController.m in Sources */,
				8746222021486C1000C36565 /* JJTCardController.m in Sources */,
				87462211214861C700C36565 /* main.m in Sources */,
				87462203214861C600C36565 /* AppDelegate.m in Sources */,
				8746221D214864C400C36565 /* JJTCard.m in Sources */,
			);
			runOnlyForDeploymentPostprocessing = 0;
		};
/* End PBXSourcesBuildPhase section */

/* Begin PBXVariantGroup section */
		87462207214861C600C36565 /* Main.storyboard */ = {
			isa = PBXVariantGroup;
			children = (
				87462208214861C600C36565 /* Base */,
			);
			name = Main.storyboard;
			sourceTree = "<group>";
		};
		8746220C214861C700C36565 /* LaunchScreen.storyboard */ = {
			isa = PBXVariantGroup;
			children = (
				8746220D214861C700C36565 /* Base */,
			);
			name = LaunchScreen.storyboard;
			sourceTree = "<group>";
		};
/* End PBXVariantGroup section */

/* Begin XCBuildConfiguration section */
		87462212214861C700C36565 /* Debug */ = {
			isa = XCBuildConfiguration;
			buildSettings = {
				ALWAYS_SEARCH_USER_PATHS = NO;
				CLANG_ANALYZER_NONNULL = YES;
				CLANG_ANALYZER_NUMBER_OBJECT_CONVERSION = YES_AGGRESSIVE;
				CLANG_CXX_LANGUAGE_STANDARD = "gnu++14";
				CLANG_CXX_LIBRARY = "libc++";
				CLANG_ENABLE_MODULES = YES;
				CLANG_ENABLE_OBJC_ARC = YES;
				CLANG_ENABLE_OBJC_WEAK = YES;
				CLANG_WARN_BLOCK_CAPTURE_AUTORELEASING = YES;
				CLANG_WARN_BOOL_CONVERSION = YES;
				CLANG_WARN_COMMA = YES;
				CLANG_WARN_CONSTANT_CONVERSION = YES;
				CLANG_WARN_DEPRECATED_OBJC_IMPLEMENTATIONS = YES;
				CLANG_WARN_DIRECT_OBJC_ISA_USAGE = YES_ERROR;
				CLANG_WARN_DOCUMENTATION_COMMENTS = YES;
				CLANG_WARN_EMPTY_BODY = YES;
				CLANG_WARN_ENUM_CONVERSION = YES;
				CLANG_WARN_INFINITE_RECURSION = YES;
				CLANG_WARN_INT_CONVERSION = YES;
				CLANG_WARN_NON_LITERAL_NULL_CONVERSION = YES;
				CLANG_WARN_OBJC_IMPLICIT_RETAIN_SELF = YES;
				CLANG_WARN_OBJC_LITERAL_CONVERSION = YES;
				CLANG_WARN_OBJC_ROOT_CLASS = YES_ERROR;
				CLANG_WARN_RANGE_LOOP_ANALYSIS = YES;
				CLANG_WARN_STRICT_PROTOTYPES = YES;
				CLANG_WARN_SUSPICIOUS_MOVE = YES;
				CLANG_WARN_UNGUARDED_AVAILABILITY = YES_AGGRESSIVE;
				CLANG_WARN_UNREACHABLE_CODE = YES;
				CLANG_WARN__DUPLICATE_METHOD_MATCH = YES;
				CODE_SIGN_IDENTITY = "iPhone Developer";
				COPY_PHASE_STRIP = NO;
				DEBUG_INFORMATION_FORMAT = dwarf;
				ENABLE_STRICT_OBJC_MSGSEND = YES;
				ENABLE_TESTABILITY = YES;
				GCC_C_LANGUAGE_STANDARD = gnu11;
				GCC_DYNAMIC_NO_PIC = NO;
				GCC_NO_COMMON_BLOCKS = YES;
				GCC_OPTIMIZATION_LEVEL = 0;
				GCC_PREPROCESSOR_DEFINITIONS = (
					"DEBUG=1",
					"$(inherited)",
				);
				GCC_WARN_64_TO_32_BIT_CONVERSION = YES;
				GCC_WARN_ABOUT_RETURN_TYPE = YES_ERROR;
				GCC_WARN_UNDECLARED_SELECTOR = YES;
				GCC_WARN_UNINITIALIZED_AUTOS = YES_AGGRESSIVE;
				GCC_WARN_UNUSED_FUNCTION = YES;
				GCC_WARN_UNUSED_VARIABLE = YES;
				IPHONEOS_DEPLOYMENT_TARGET = 11.4;
				MTL_ENABLE_DEBUG_INFO = YES;
				ONLY_ACTIVE_ARCH = YES;
				SDKROOT = iphoneos;
			};
			name = Debug;
		};
		87462213214861C700C36565 /* Release */ = {
			isa = XCBuildConfiguration;
			buildSettings = {
				ALWAYS_SEARCH_USER_PATHS = NO;
				CLANG_ANALYZER_NONNULL = YES;
				CLANG_ANALYZER_NUMBER_OBJECT_CONVERSION = YES_AGGRESSIVE;
				CLANG_CXX_LANGUAGE_STANDARD = "gnu++14";
				CLANG_CXX_LIBRARY = "libc++";
				CLANG_ENABLE_MODULES = YES;
				CLANG_ENABLE_OBJC_ARC = YES;
				CLANG_ENABLE_OBJC_WEAK = YES;
				CLANG_WARN_BLOCK_CAPTURE_AUTORELEASING = YES;
				CLANG_WARN_BOOL_CONVERSION = YES;
				CLANG_WARN_COMMA = YES;
				CLANG_WARN_CONSTANT_CONVERSION = YES;
				CLANG_WARN_DEPRECATED_OBJC_IMPLEMENTATIONS = YES;
				CLANG_WARN_DIRECT_OBJC_ISA_USAGE = YES_ERROR;
				CLANG_WARN_DOCUMENTATION_COMMENTS = YES;
				CLANG_WARN_EMPTY_BODY = YES;
				CLANG_WARN_ENUM_CONVERSION = YES;
				CLANG_WARN_INFINITE_RECURSION = YES;
				CLANG_WARN_INT_CONVERSION = YES;
				CLANG_WARN_NON_LITERAL_NULL_CONVERSION = YES;
				CLANG_WARN_OBJC_IMPLICIT_RETAIN_SELF = YES;
				CLANG_WARN_OBJC_LITERAL_CONVERSION = YES;
				CLANG_WARN_OBJC_ROOT_CLASS = YES_ERROR;
				CLANG_WARN_RANGE_LOOP_ANALYSIS = YES;
				CLANG_WARN_STRICT_PROTOTYPES = YES;
				CLANG_WARN_SUSPICIOUS_MOVE = YES;
				CLANG_WARN_UNGUARDED_AVAILABILITY = YES_AGGRESSIVE;
				CLANG_WARN_UNREACHABLE_CODE = YES;
				CLANG_WARN__DUPLICATE_METHOD_MATCH = YES;
				CODE_SIGN_IDENTITY = "iPhone Developer";
				COPY_PHASE_STRIP = NO;
				DEBUG_INFORMATION_FORMAT = "dwarf-with-dsym";
				ENABLE_NS_ASSERTIONS = NO;
				ENABLE_STRICT_OBJC_MSGSEND = YES;
				GCC_C_LANGUAGE_STANDARD = gnu11;
				GCC_NO_COMMON_BLOCKS = YES;
				GCC_WARN_64_TO_32_BIT_CONVERSION = YES;
				GCC_WARN_ABOUT_RETURN_TYPE = YES_ERROR;
				GCC_WARN_UNDECLARED_SELECTOR = YES;
				GCC_WARN_UNINITIALIZED_AUTOS = YES_AGGRESSIVE;
				GCC_WARN_UNUSED_FUNCTION = YES;
				GCC_WARN_UNUSED_VARIABLE = YES;
				IPHONEOS_DEPLOYMENT_TARGET = 11.4;
				MTL_ENABLE_DEBUG_INFO = NO;
				SDKROOT = iphoneos;
				VALIDATE_PRODUCT = YES;
			};
			name = Release;
		};
		87462215214861C700C36565 /* Debug */ = {
			isa = XCBuildConfiguration;
			buildSettings = {
				ASSETCATALOG_COMPILER_APPICON_NAME = AppIcon;
				CODE_SIGN_STYLE = Automatic;
				DEVELOPMENT_TEAM = 74SYWHWN72;
				INFOPLIST_FILE = "$(SRCROOT)/DeckOfOneCard_C/Resources/Info.plist";
				LD_RUNPATH_SEARCH_PATHS = (
					"$(inherited)",
					"@executable_path/Frameworks",
				);
				PRODUCT_BUNDLE_IDENTIFIER = "com.example.DeckOfOneCard-C";
				PRODUCT_NAME = "$(TARGET_NAME)";
				TARGETED_DEVICE_FAMILY = "1,2";
			};
			name = Debug;
		};
		87462216214861C700C36565 /* Release */ = {
			isa = XCBuildConfiguration;
			buildSettings = {
				ASSETCATALOG_COMPILER_APPICON_NAME = AppIcon;
				CODE_SIGN_STYLE = Automatic;
				DEVELOPMENT_TEAM = 74SYWHWN72;
				INFOPLIST_FILE = "$(SRCROOT)/DeckOfOneCard_C/Resources/Info.plist";
				LD_RUNPATH_SEARCH_PATHS = (
					"$(inherited)",
					"@executable_path/Frameworks",
				);
				PRODUCT_BUNDLE_IDENTIFIER = "com.example.DeckOfOneCard-C";
				PRODUCT_NAME = "$(TARGET_NAME)";
				TARGETED_DEVICE_FAMILY = "1,2";
			};
			name = Release;
		};
/* End XCBuildConfiguration section */

/* Begin XCConfigurationList section */
		874621F9214861C600C36565 /* Build configuration list for PBXProject "DeckOfOneCard_C" */ = {
			isa = XCConfigurationList;
			buildConfigurations = (
				87462212214861C700C36565 /* Debug */,
				87462213214861C700C36565 /* Release */,
			);
			defaultConfigurationIsVisible = 0;
			defaultConfigurationName = Release;
		};
		87462214214861C700C36565 /* Build configuration list for PBXNativeTarget "DeckOfOneCard_C" */ = {
			isa = XCConfigurationList;
			buildConfigurations = (
				87462215214861C700C36565 /* Debug */,
				87462216214861C700C36565 /* Release */,
			);
			defaultConfigurationIsVisible = 0;
			defaultConfigurationName = Release;
		};
/* End XCConfigurationList section */
	};
	rootObject = 874621F6214861C600C36565 /* Project object */;
}
